
Microsoft Visual Studio Solution File, Format Version 12.00
# Visual Studio Version 17
VisualStudioVersion = 17.4.33213.308
MinimumVisualStudioVersion = 10.0.40219.1
Project("{FAE04EC0-301F-11D3-BF4B-00C04F79EFBC}") = "Roman to Integer", "Roman to Integer.csproj", "{70CE575E-00C3-46AF-8CCB-141BFD68AB83}"
EndProject
Global
	GlobalSection(SolutionConfigurationPlatforms) = preSolution
		Debug|Any CPU = Debug|Any CPU
		Release|Any CPU = Release|Any CPU
	EndGlobalSection
	GlobalSection(ProjectConfigurationPlatforms) = postSolution
		{70CE575E-00C3-46AF-8CCB-141BFD68AB83}.Debug|Any CPU.ActiveCfg = Debug|Any CPU
		{70CE575E-00C3-46AF-8CCB-141BFD68AB83}.Debug|Any CPU.Build.0 = Debug|Any CPU
		{70CE575E-00C3-46AF-8CCB-141BFD68AB83}.Release|Any CPU.ActiveCfg = Release|Any CPU
		{70CE575E-00C3-46AF-8CCB-141BFD68AB83}.Release|Any CPU.Build.0 = Release|Any CPU
	EndGlobalSection
	GlobalSection(SolutionProperties) = preSolution
		HideSolutionNode = FALSE
	EndGlobalSection
	GlobalSection(ExtensibilityGlobals) = postSolution
		SolutionGuid = {1E9C9FAA-1DD7-4F89-A722-FF34AE69AE0D}
	EndGlobalSection
EndGlobal
